
Microsoft Visual Studio Solution File, Format Version 12.00
# Visual Studio Version 16
VisualStudioVersion = 16.0.30907.101
MinimumVisualStudioVersion = 10.0.40219.1
Project("{FAE04EC0-301F-11D3-BF4B-00C04F79EFBC}") = "PruebaUnops", "PruebaUnops\PruebaUnops.csproj", "{310B41D4-4894-4FC1-B6AF-A3F2CB4EA37C}"
EndProject
Global
	GlobalSection(SolutionConfigurationPlatforms) = preSolution
		Debug|Any CPU = Debug|Any CPU
		Release|Any CPU = Release|Any CPU
	EndGlobalSection
	GlobalSection(ProjectConfigurationPlatforms) = postSolution
		{310B41D4-4894-4FC1-B6AF-A3F2CB4EA37C}.Debug|Any CPU.ActiveCfg = Debug|Any CPU
		{310B41D4-4894-4FC1-B6AF-A3F2CB4EA37C}.Debug|Any CPU.Build.0 = Debug|Any CPU
		{310B41D4-4894-4FC1-B6AF-A3F2CB4EA37C}.Release|Any CPU.ActiveCfg = Release|Any CPU
		{310B41D4-4894-4FC1-B6AF-A3F2CB4EA37C}.Release|Any CPU.Build.0 = Release|Any CPU
	EndGlobalSection
	GlobalSection(SolutionProperties) = preSolution
		HideSolutionNode = FALSE
	EndGlobalSection
	GlobalSection(ExtensibilityGlobals) = postSolution
		SolutionGuid = {0BEE5864-55CB-44A5-A665-21F708E17630}
	EndGlobalSection
EndGlobal
